
Microsoft Visual Studio Solution File, Format Version 12.00
# Visual Studio 15
VisualStudioVersion = 15.0.27130.2026
MinimumVisualStudioVersion = 10.0.40219.1
Project("{FAE04EC0-301F-11D3-BF4B-00C04F79EFBC}") = "Sharp7", "Sharp7\Sharp7.csproj", "{35BF1813-47C2-4463-A8B2-FB83CA01910A}"
EndProject
Project("{2150E333-8FDC-42A3-9474-1A3956D46DE8}") = "_nuspec", "_nuspec", "{DAE77BDF-397B-4583-AEFC-91C8191789AF}"
	ProjectSection(SolutionItems) = preProject
		_nuspec\Sharp7NetStandard.nuspec = _nuspec\Sharp7NetStandard.nuspec
	EndProjectSection
EndProject
Global
	GlobalSection(SolutionConfigurationPlatforms) = preSolution
		Debug|Any CPU = Debug|Any CPU
		Release|Any CPU = Release|Any CPU
	EndGlobalSection
	GlobalSection(ProjectConfigurationPlatforms) = postSolution
		{35BF1813-47C2-4463-A8B2-FB83CA01910A}.Debug|Any CPU.ActiveCfg = Debug|Any CPU
		{35BF1813-47C2-4463-A8B2-FB83CA01910A}.Debug|Any CPU.Build.0 = Debug|Any CPU
		{35BF1813-47C2-4463-A8B2-FB83CA01910A}.Release|Any CPU.ActiveCfg = Release|Any CPU
		{35BF1813-47C2-4463-A8B2-FB83CA01910A}.Release|Any CPU.Build.0 = Release|Any CPU
	EndGlobalSection
	GlobalSection(SolutionProperties) = preSolution
		HideSolutionNode = FALSE
	EndGlobalSection
	GlobalSection(ExtensibilityGlobals) = postSolution
		SolutionGuid = {0ACAA373-F91C-4809-90E9-FC6EFD9B9CAB}
	EndGlobalSection
EndGlobal
